
Microsoft Visual Studio Solution File, Format Version 12.00
# Visual Studio Version 17
VisualStudioVersion = 17.5.33516.290
MinimumVisualStudioVersion = 10.0.40219.1
Project("{FAE04EC0-301F-11D3-BF4B-00C04F79EFBC}") = "EmailValidator", "EmailValidator\EmailValidator.csproj", "{D0AB4072-1C3D-4501-8D28-A1F3E31671E4}"
EndProject
Global
	GlobalSection(SolutionConfigurationPlatforms) = preSolution
		Debug|Any CPU = Debug|Any CPU
		Release|Any CPU = Release|Any CPU
	EndGlobalSection
	GlobalSection(ProjectConfigurationPlatforms) = postSolution
		{D0AB4072-1C3D-4501-8D28-A1F3E31671E4}.Debug|Any CPU.ActiveCfg = Debug|Any CPU
		{D0AB4072-1C3D-4501-8D28-A1F3E31671E4}.Debug|Any CPU.Build.0 = Debug|Any CPU
		{D0AB4072-1C3D-4501-8D28-A1F3E31671E4}.Release|Any CPU.ActiveCfg = Release|Any CPU
		{D0AB4072-1C3D-4501-8D28-A1F3E31671E4}.Release|Any CPU.Build.0 = Release|Any CPU
	EndGlobalSection
	GlobalSection(SolutionProperties) = preSolution
		HideSolutionNode = FALSE
	EndGlobalSection
	GlobalSection(ExtensibilityGlobals) = postSolution
		SolutionGuid = {5154D479-FBB0-4663-B03C-F9A8F822D2C2}
	EndGlobalSection
EndGlobal
